// !$*UTF8*$!
{
	archiveVersion = 1;
	classes = {
	};
	objectVersion = 55;
	objects = {

/* Begin PBXBuildFile section */
		F828715B27A775F50099E892 /* AppDelegate.swift in Sources */ = {isa = PBXBuildFile; fileRef = F828715A27A775F50099E892 /* AppDelegate.swift */; };
		F828715D27A775F50099E892 /* SceneDelegate.swift in Sources */ = {isa = PBXBuildFile; fileRef = F828715C27A775F50099E892 /* SceneDelegate.swift */; };
		F828716227A775F50099E892 /* Main.storyboard in Resources */ = {isa = PBXBuildFile; fileRef = F828716027A775F50099E892 /* Main.storyboard */; };
		F828716427A775F60099E892 /* Assets.xcassets in Resources */ = {isa = PBXBuildFile; fileRef = F828716327A775F60099E892 /* Assets.xcassets */; };
		F828716727A775F60099E892 /* LaunchScreen.storyboard in Resources */ = {isa = PBXBuildFile; fileRef = F828716527A775F60099E892 /* LaunchScreen.storyboard */; };
		F828717227A784020099E892 /* CategoryTableViewController.swift in Sources */ = {isa = PBXBuildFile; fileRef = F828717127A784020099E892 /* CategoryTableViewController.swift */; };
		F828717427A784210099E892 /* MenuTableViewController.swift in Sources */ = {isa = PBXBuildFile; fileRef = F828717327A784210099E892 /* MenuTableViewController.swift */; };
		F828717627A784360099E892 /* OrderTableViewController.swift in Sources */ = {isa = PBXBuildFile; fileRef = F828717527A784360099E892 /* OrderTableViewController.swift */; };
		F828717827A7881C0099E892 /* MenuItemDetaliViewController.swift in Sources */ = {isa = PBXBuildFile; fileRef = F828717727A7881C0099E892 /* MenuItemDetaliViewController.swift */; };
		F82C9D7A27B25FC600354FEC /* MenuController.swift in Sources */ = {isa = PBXBuildFile; fileRef = F82C9D7927B25FC600354FEC /* MenuController.swift */; };
		F849A08827CD264C000EC0FE /* OrderConfirmationViewController.swift in Sources */ = {isa = PBXBuildFile; fileRef = F849A08727CD264C000EC0FE /* OrderConfirmationViewController.swift */; };
		F854FA8827A830E400E2DDE4 /* MenuItem.swift in Sources */ = {isa = PBXBuildFile; fileRef = F854FA8727A830E400E2DDE4 /* MenuItem.swift */; };
		F854FA8A27A833CF00E2DDE4 /* ResponseModels.swift in Sources */ = {isa = PBXBuildFile; fileRef = F854FA8927A833CF00E2DDE4 /* ResponseModels.swift */; };
		F854FA8C27A8347100E2DDE4 /* CategoriesResponse.swift in Sources */ = {isa = PBXBuildFile; fileRef = F854FA8B27A8347100E2DDE4 /* CategoriesResponse.swift */; };
		F854FA8E27A836EC00E2DDE4 /* OrderResponse.swift in Sources */ = {isa = PBXBuildFile; fileRef = F854FA8D27A836EC00E2DDE4 /* OrderResponse.swift */; };
		F854FA9027A837CC00E2DDE4 /* Order.swift in Sources */ = {isa = PBXBuildFile; fileRef = F854FA8F27A837CC00E2DDE4 /* Order.swift */; };
/* End PBXBuildFile section */

/* Begin PBXFileReference section */
		F828715727A775F50099E892 /* OrderApp.app */ = {isa = PBXFileReference; explicitFileType = wrapper.application; includeInIndex = 0; path = OrderApp.app; sourceTree = BUILT_PRODUCTS_DIR; };
		F828715A27A775F50099E892 /* AppDelegate.swift */ = {isa = PBXFileReference; lastKnownFileType = sourcecode.swift; path = AppDelegate.swift; sourceTree = "<group>"; };
		F828715C27A775F50099E892 /* SceneDelegate.swift */ = {isa = PBXFileReference; lastKnownFileType = sourcecode.swift; path = SceneDelegate.swift; sourceTree = "<group>"; };
		F828716127A775F50099E892 /* Base */ = {isa = PBXFileReference; lastKnownFileType = file.storyboard; name = Base; path = Base.lproj/Main.storyboard; sourceTree = "<group>"; };
		F828716327A775F60099E892 /* Assets.xcassets */ = {isa = PBXFileReference; lastKnownFileType = folder.assetcatalog; path = Assets.xcassets; sourceTree = "<group>"; };
		F828716627A775F60099E892 /* Base */ = {isa = PBXFileReference; lastKnownFileType = file.storyboard; name = Base; path = Base.lproj/LaunchScreen.storyboard; sourceTree = "<group>"; };
		F828716827A775F60099E892 /* Info.plist */ = {isa = PBXFileReference; lastKnownFileType = text.plist.xml; path = Info.plist; sourceTree = "<group>"; };
		F828717127A784020099E892 /* CategoryTableViewController.swift */ = {isa = PBXFileReference; lastKnownFileType = sourcecode.swift; path = CategoryTableViewController.swift; sourceTree = "<group>"; };
		F828717327A784210099E892 /* MenuTableViewController.swift */ = {isa = PBXFileReference; lastKnownFileType = sourcecode.swift; path = MenuTableViewController.swift; sourceTree = "<group>"; };
		F828717527A784360099E892 /* OrderTableViewController.swift */ = {isa = PBXFileReference; lastKnownFileType = sourcecode.swift; path = OrderTableViewController.swift; sourceTree = "<group>"; };
		F828717727A7881C0099E892 /* MenuItemDetaliViewController.swift */ = {isa = PBXFileReference; lastKnownFileType = sourcecode.swift; path = MenuItemDetaliViewController.swift; sourceTree = "<group>"; };
		F82C9D7927B25FC600354FEC /* MenuController.swift */ = {isa = PBXFileReference; lastKnownFileType = sourcecode.swift; path = MenuController.swift; sourceTree = "<group>"; };
		F849A08727CD264C000EC0FE /* OrderConfirmationViewController.swift */ = {isa = PBXFileReference; lastKnownFileType = sourcecode.swift; path = OrderConfirmationViewController.swift; sourceTree = "<group>"; };
		F854FA8727A830E400E2DDE4 /* MenuItem.swift */ = {isa = PBXFileReference; lastKnownFileType = sourcecode.swift; path = MenuItem.swift; sourceTree = "<group>"; };
		F854FA8927A833CF00E2DDE4 /* ResponseModels.swift */ = {isa = PBXFileReference; lastKnownFileType = sourcecode.swift; path = ResponseModels.swift; sourceTree = "<group>"; };
		F854FA8B27A8347100E2DDE4 /* CategoriesResponse.swift */ = {isa = PBXFileReference; lastKnownFileType = sourcecode.swift; path = CategoriesResponse.swift; sourceTree = "<group>"; };
		F854FA8D27A836EC00E2DDE4 /* OrderResponse.swift */ = {isa = PBXFileReference; lastKnownFileType = sourcecode.swift; path = OrderResponse.swift; sourceTree = "<group>"; };
		F854FA8F27A837CC00E2DDE4 /* Order.swift */ = {isa = PBXFileReference; lastKnownFileType = sourcecode.swift; path = Order.swift; sourceTree = "<group>"; };
/* End PBXFileReference section */

/* Begin PBXFrameworksBuildPhase section */
		F828715427A775F50099E892 /* Frameworks */ = {
			isa = PBXFrameworksBuildPhase;
			buildActionMask = 2147483647;
			files = (
			);
			runOnlyForDeploymentPostprocessing = 0;
		};
/* End PBXFrameworksBuildPhase section */

/* Begin PBXGroup section */
		F828714E27A775F50099E892 = {
			isa = PBXGroup;
			children = (
				F828715927A775F50099E892 /* OrderApp */,
				F828715827A775F50099E892 /* Products */,
			);
			sourceTree = "<group>";
		};
		F828715827A775F50099E892 /* Products */ = {
			isa = PBXGroup;
			children = (
				F828715727A775F50099E892 /* OrderApp.app */,
			);
			name = Products;
			sourceTree = "<group>";
		};
		F828715927A775F50099E892 /* OrderApp */ = {
			isa = PBXGroup;
			children = (
				F828716E27A781330099E892 /* Model */,
				F828716F27A781410099E892 /* View */,
				F828717027A7815A0099E892 /* Controller */,
				F828715A27A775F50099E892 /* AppDelegate.swift */,
				F828715C27A775F50099E892 /* SceneDelegate.swift */,
				F828716327A775F60099E892 /* Assets.xcassets */,
				F828716827A775F60099E892 /* Info.plist */,
			);
			path = OrderApp;
			sourceTree = "<group>";
		};
		F828716E27A781330099E892 /* Model */ = {
			isa = PBXGroup;
			children = (
				F854FA8727A830E400E2DDE4 /* MenuItem.swift */,
				F854FA8927A833CF00E2DDE4 /* ResponseModels.swift */,
				F854FA8B27A8347100E2DDE4 /* CategoriesResponse.swift */,
				F854FA8D27A836EC00E2DDE4 /* OrderResponse.swift */,
				F854FA8F27A837CC00E2DDE4 /* Order.swift */,
			);
			path = Model;
			sourceTree = "<group>";
		};
		F828716F27A781410099E892 /* View */ = {
			isa = PBXGroup;
			children = (
				F828716027A775F50099E892 /* Main.storyboard */,
				F828716527A775F60099E892 /* LaunchScreen.storyboard */,
			);
			path = View;
			sourceTree = "<group>";
		};
		F828717027A7815A0099E892 /* Controller */ = {
			isa = PBXGroup;
			children = (
				F828717127A784020099E892 /* CategoryTableViewController.swift */,
				F828717327A784210099E892 /* MenuTableViewController.swift */,
				F828717527A784360099E892 /* OrderTableViewController.swift */,
				F828717727A7881C0099E892 /* MenuItemDetaliViewController.swift */,
				F82C9D7927B25FC600354FEC /* MenuController.swift */,
				F849A08727CD264C000EC0FE /* OrderConfirmationViewController.swift */,
			);
			path = Controller;
			sourceTree = "<group>";
		};
/* End PBXGroup section */

/* Begin PBXNativeTarget section */
		F828715627A775F50099E892 /* OrderApp */ = {
			isa = PBXNativeTarget;
			buildConfigurationList = F828716B27A775F60099E892 /* Build configuration list for PBXNativeTarget "OrderApp" */;
			buildPhases = (
				F828715327A775F50099E892 /* Sources */,
				F828715427A775F50099E892 /* Frameworks */,
				F828715527A775F50099E892 /* Resources */,
			);
			buildRules = (
			);
			dependencies = (
			);
			name = OrderApp;
			productName = OrderApp;
			productReference = F828715727A775F50099E892 /* OrderApp.app */;
			productType = "com.apple.product-type.application";
		};
/* End PBXNativeTarget section */

/* Begin PBXProject section */
		F828714F27A775F50099E892 /* Project object */ = {
			isa = PBXProject;
			attributes = {
				BuildIndependentTargetsInParallel = 1;
				LastSwiftUpdateCheck = 1320;
				LastUpgradeCheck = 1320;
				TargetAttributes = {
					F828715627A775F50099E892 = {
						CreatedOnToolsVersion = 13.2.1;
					};
				};
			};
			buildConfigurationList = F828715227A775F50099E892 /* Build configuration list for PBXProject "OrderApp" */;
			compatibilityVersion = "Xcode 13.0";
			developmentRegion = en;
			hasScannedForEncodings = 0;
			knownRegions = (
				en,
				Base,
			);
			mainGroup = F828714E27A775F50099E892;
			productRefGroup = F828715827A775F50099E892 /* Products */;
			projectDirPath = "";
			projectRoot = "";
			targets = (
				F828715627A775F50099E892 /* OrderApp */,
			);
		};
/* End PBXProject section */

/* Begin PBXResourcesBuildPhase section */
		F828715527A775F50099E892 /* Resources */ = {
			isa = PBXResourcesBuildPhase;
			buildActionMask = 2147483647;
			files = (
				F828716727A775F60099E892 /* LaunchScreen.storyboard in Resources */,
				F828716427A775F60099E892 /* Assets.xcassets in Resources */,
				F828716227A775F50099E892 /* Main.storyboard in Resources */,
			);
			runOnlyForDeploymentPostprocessing = 0;
		};
/* End PBXResourcesBuildPhase section */

/* Begin PBXSourcesBuildPhase section */
		F828715327A775F50099E892 /* Sources */ = {
			isa = PBXSourcesBuildPhase;
			buildActionMask = 2147483647;
			files = (
				F854FA8827A830E400E2DDE4 /* MenuItem.swift in Sources */,
				F828717427A784210099E892 /* MenuTableViewController.swift in Sources */,
				F854FA8A27A833CF00E2DDE4 /* ResponseModels.swift in Sources */,
				F854FA8C27A8347100E2DDE4 /* CategoriesResponse.swift in Sources */,
				F849A08827CD264C000EC0FE /* OrderConfirmationViewController.swift in Sources */,
				F82C9D7A27B25FC600354FEC /* MenuController.swift in Sources */,
				F854FA9027A837CC00E2DDE4 /* Order.swift in Sources */,
				F828717627A784360099E892 /* OrderTableViewController.swift in Sources */,
				F854FA8E27A836EC00E2DDE4 /* OrderResponse.swift in Sources */,
				F828715B27A775F50099E892 /* AppDelegate.swift in Sources */,
				F828715D27A775F50099E892 /* SceneDelegate.swift in Sources */,
				F828717227A784020099E892 /* CategoryTableViewController.swift in Sources */,
				F828717827A7881C0099E892 /* MenuItemDetaliViewController.swift in Sources */,
			);
			runOnlyForDeploymentPostprocessing = 0;
		};
/* End PBXSourcesBuildPhase section */

/* Begin PBXVariantGroup section */
		F828716027A775F50099E892 /* Main.storyboard */ = {
			isa = PBXVariantGroup;
			children = (
				F828716127A775F50099E892 /* Base */,
			);
			name = Main.storyboard;
			sourceTree = "<group>";
		};
		F828716527A775F60099E892 /* LaunchScreen.storyboard */ = {
			isa = PBXVariantGroup;
			children = (
				F828716627A775F60099E892 /* Base */,
			);
			name = LaunchScreen.storyboard;
			sourceTree = "<group>";
		};
/* End PBXVariantGroup section */

/* Begin XCBuildConfiguration section */
		F828716927A775F60099E892 /* Debug */ = {
			isa = XCBuildConfiguration;
			buildSettings = {
				ALWAYS_SEARCH_USER_PATHS = NO;
				CLANG_ANALYZER_NONNULL = YES;
				CLANG_ANALYZER_NUMBER_OBJECT_CONVERSION = YES_AGGRESSIVE;
				CLANG_CXX_LANGUAGE_STANDARD = "gnu++17";
				CLANG_CXX_LIBRARY = "libc++";
				CLANG_ENABLE_MODULES = YES;
				CLANG_ENABLE_OBJC_ARC = YES;
				CLANG_ENABLE_OBJC_WEAK = YES;
				CLANG_WARN_BLOCK_CAPTURE_AUTORELEASING = YES;
				CLANG_WARN_BOOL_CONVERSION = YES;
				CLANG_WARN_COMMA = YES;
				CLANG_WARN_CONSTANT_CONVERSION = YES;
				CLANG_WARN_DEPRECATED_OBJC_IMPLEMENTATIONS = YES;
				CLANG_WARN_DIRECT_OBJC_ISA_USAGE = YES_ERROR;
				CLANG_WARN_DOCUMENTATION_COMMENTS = YES;
				CLANG_WARN_EMPTY_BODY = YES;
				CLANG_WARN_ENUM_CONVERSION = YES;
				CLANG_WARN_INFINITE_RECURSION = YES;
				CLANG_WARN_INT_CONVERSION = YES;
				CLANG_WARN_NON_LITERAL_NULL_CONVERSION = YES;
				CLANG_WARN_OBJC_IMPLICIT_RETAIN_SELF = YES;
				CLANG_WARN_OBJC_LITERAL_CONVERSION = YES;
				CLANG_WARN_OBJC_ROOT_CLASS = YES_ERROR;
				CLANG_WARN_QUOTED_INCLUDE_IN_FRAMEWORK_HEADER = YES;
				CLANG_WARN_RANGE_LOOP_ANALYSIS = YES;
				CLANG_WARN_STRICT_PROTOTYPES = YES;
				CLANG_WARN_SUSPICIOUS_MOVE = YES;
				CLANG_WARN_UNGUARDED_AVAILABILITY = YES_AGGRESSIVE;
				CLANG_WARN_UNREACHABLE_CODE = YES;
				CLANG_WARN__DUPLICATE_METHOD_MATCH = YES;
				COPY_PHASE_STRIP = NO;
				DEBUG_INFORMATION_FORMAT = dwarf;
				ENABLE_STRICT_OBJC_MSGSEND = YES;
				ENABLE_TESTABILITY = YES;
				GCC_C_LANGUAGE_STANDARD = gnu11;
				GCC_DYNAMIC_NO_PIC = NO;
				GCC_NO_COMMON_BLOCKS = YES;
				GCC_OPTIMIZATION_LEVEL = 0;
				GCC_PREPROCESSOR_DEFINITIONS = (
					"DEBUG=1",
					"$(inherited)",
				);
				GCC_WARN_64_TO_32_BIT_CONVERSION = YES;
				GCC_WARN_ABOUT_RETURN_TYPE = YES_ERROR;
				GCC_WARN_UNDECLARED_SELECTOR = YES;
				GCC_WARN_UNINITIALIZED_AUTOS = YES_AGGRESSIVE;
				GCC_WARN_UNUSED_FUNCTION = YES;
				GCC_WARN_UNUSED_VARIABLE = YES;
				IPHONEOS_DEPLOYMENT_TARGET = 15.2;
				MTL_ENABLE_DEBUG_INFO = INCLUDE_SOURCE;
				MTL_FAST_MATH = YES;
				ONLY_ACTIVE_ARCH = YES;
				SDKROOT = iphoneos;
				SWIFT_ACTIVE_COMPILATION_CONDITIONS = DEBUG;
				SWIFT_OPTIMIZATION_LEVEL = "-Onone";
			};
			name = Debug;
		};
		F828716A27A775F60099E892 /* Release */ = {
			isa = XCBuildConfiguration;
			buildSettings = {
				ALWAYS_SEARCH_USER_PATHS = NO;
				CLANG_ANALYZER_NONNULL = YES;
				CLANG_ANALYZER_NUMBER_OBJECT_CONVERSION = YES_AGGRESSIVE;
				CLANG_CXX_LANGUAGE_STANDARD = "gnu++17";
				CLANG_CXX_LIBRARY = "libc++";
				CLANG_ENABLE_MODULES = YES;
				CLANG_ENABLE_OBJC_ARC = YES;
				CLANG_ENABLE_OBJC_WEAK = YES;
				CLANG_WARN_BLOCK_CAPTURE_AUTORELEASING = YES;
				CLANG_WARN_BOOL_CONVERSION = YES;
				CLANG_WARN_COMMA = YES;
				CLANG_WARN_CONSTANT_CONVERSION = YES;
				CLANG_WARN_DEPRECATED_OBJC_IMPLEMENTATIONS = YES;
				CLANG_WARN_DIRECT_OBJC_ISA_USAGE = YES_ERROR;
				CLANG_WARN_DOCUMENTATION_COMMENTS = YES;
				CLANG_WARN_EMPTY_BODY = YES;
				CLANG_WARN_ENUM_CONVERSION = YES;
				CLANG_WARN_INFINITE_RECURSION = YES;
				CLANG_WARN_INT_CONVERSION = YES;
				CLANG_WARN_NON_LITERAL_NULL_CONVERSION = YES;
				CLANG_WARN_OBJC_IMPLICIT_RETAIN_SELF = YES;
				CLANG_WARN_OBJC_LITERAL_CONVERSION = YES;
				CLANG_WARN_OBJC_ROOT_CLASS = YES_ERROR;
				CLANG_WARN_QUOTED_INCLUDE_IN_FRAMEWORK_HEADER = YES;
				CLANG_WARN_RANGE_LOOP_ANALYSIS = YES;
				CLANG_WARN_STRICT_PROTOTYPES = YES;
				CLANG_WARN_SUSPICIOUS_MOVE = YES;
				CLANG_WARN_UNGUARDED_AVAILABILITY = YES_AGGRESSIVE;
				CLANG_WARN_UNREACHABLE_CODE = YES;
				CLANG_WARN__DUPLICATE_METHOD_MATCH = YES;
				COPY_PHASE_STRIP = NO;
				DEBUG_INFORMATION_FORMAT = "dwarf-with-dsym";
				ENABLE_NS_ASSERTIONS = NO;
				ENABLE_STRICT_OBJC_MSGSEND = YES;
				GCC_C_LANGUAGE_STANDARD = gnu11;
				GCC_NO_COMMON_BLOCKS = YES;
				GCC_WARN_64_TO_32_BIT_CONVERSION = YES;
				GCC_WARN_ABOUT_RETURN_TYPE = YES_ERROR;
				GCC_WARN_UNDECLARED_SELECTOR = YES;
				GCC_WARN_UNINITIALIZED_AUTOS = YES_AGGRESSIVE;
				GCC_WARN_UNUSED_FUNCTION = YES;
				GCC_WARN_UNUSED_VARIABLE = YES;
				IPHONEOS_DEPLOYMENT_TARGET = 15.2;
				MTL_ENABLE_DEBUG_INFO = NO;
				MTL_FAST_MATH = YES;
				SDKROOT = iphoneos;
				SWIFT_COMPILATION_MODE = wholemodule;
				SWIFT_OPTIMIZATION_LEVEL = "-O";
				VALIDATE_PRODUCT = YES;
			};
			name = Release;
		};
		F828716C27A775F60099E892 /* Debug */ = {
			isa = XCBuildConfiguration;
			buildSettings = {
				ASSETCATALOG_COMPILER_APPICON_NAME = AppIcon;
				ASSETCATALOG_COMPILER_GLOBAL_ACCENT_COLOR_NAME = AccentColor;
				CODE_SIGN_STYLE = Automatic;
				CURRENT_PROJECT_VERSION = 2;
				DEVELOPMENT_TEAM = 6Q3ZS42UX6;
				GENERATE_INFOPLIST_FILE = YES;
				INFOPLIST_FILE = OrderApp/Info.plist;
				INFOPLIST_KEY_UIApplicationSupportsIndirectInputEvents = YES;
				INFOPLIST_KEY_UILaunchStoryboardName = LaunchScreen;
				INFOPLIST_KEY_UIMainStoryboardFile = Main;
				INFOPLIST_KEY_UISupportedInterfaceOrientations_iPad = "UIInterfaceOrientationPortrait UIInterfaceOrientationPortraitUpsideDown UIInterfaceOrientationLandscapeLeft UIInterfaceOrientationLandscapeRight";
				INFOPLIST_KEY_UISupportedInterfaceOrientations_iPhone = "UIInterfaceOrientationPortrait UIInterfaceOrientationLandscapeLeft UIInterfaceOrientationLandscapeRight";
				LD_RUNPATH_SEARCH_PATHS = (
					"$(inherited)",
					"@executable_path/Frameworks",
				);
				MARKETING_VERSION = 1.0;
				PRODUCT_BUNDLE_IDENTIFIER = com.hrayr.OrderApp;
				PRODUCT_NAME = "$(TARGET_NAME)";
				SWIFT_EMIT_LOC_STRINGS = YES;
				SWIFT_VERSION = 5.0;
				TARGETED_DEVICE_FAMILY = "1,2";
			};
			name = Debug;
		};
		F828716D27A775F60099E892 /* Release */ = {
			isa = XCBuildConfiguration;
			buildSettings = {
				ASSETCATALOG_COMPILER_APPICON_NAME = AppIcon;
				ASSETCATALOG_COMPILER_GLOBAL_ACCENT_COLOR_NAME = AccentColor;
				CODE_SIGN_STYLE = Automatic;
				CURRENT_PROJECT_VERSION = 2;
				DEVELOPMENT_TEAM = 6Q3ZS42UX6;
				GENERATE_INFOPLIST_FILE = YES;
				INFOPLIST_FILE = OrderApp/Info.plist;
				INFOPLIST_KEY_UIApplicationSupportsIndirectInputEvents = YES;
				INFOPLIST_KEY_UILaunchStoryboardName = LaunchScreen;
				INFOPLIST_KEY_UIMainStoryboardFile = Main;
				INFOPLIST_KEY_UISupportedInterfaceOrientations_iPad = "UIInterfaceOrientationPortrait UIInterfaceOrientationPortraitUpsideDown UIInterfaceOrientationLandscapeLeft UIInterfaceOrientationLandscapeRight";
				INFOPLIST_KEY_UISupportedInterfaceOrientations_iPhone = "UIInterfaceOrientationPortrait UIInterfaceOrientationLandscapeLeft UIInterfaceOrientationLandscapeRight";
				LD_RUNPATH_SEARCH_PATHS = (
					"$(inherited)",
					"@executable_path/Frameworks",
				);
				MARKETING_VERSION = 1.0;
				PRODUCT_BUNDLE_IDENTIFIER = com.hrayr.OrderApp;
				PRODUCT_NAME = "$(TARGET_NAME)";
				SWIFT_EMIT_LOC_STRINGS = YES;
				SWIFT_VERSION = 5.0;
				TARGETED_DEVICE_FAMILY = "1,2";
			};
			name = Release;
		};
/* End XCBuildConfiguration section */

/* Begin XCConfigurationList section */
		F828715227A775F50099E892 /* Build configuration list for PBXProject "OrderApp" */ = {
			isa = XCConfigurationList;
			buildConfigurations = (
				F828716927A775F60099E892 /* Debug */,
				F828716A27A775F60099E892 /* Release */,
			);
			defaultConfigurationIsVisible = 0;
			defaultConfigurationName = Release;
		};
		F828716B27A775F60099E892 /* Build configuration list for PBXNativeTarget "OrderApp" */ = {
			isa = XCConfigurationList;
			buildConfigurations = (
				F828716C27A775F60099E892 /* Debug */,
				F828716D27A775F60099E892 /* Release */,
			);
			defaultConfigurationIsVisible = 0;
			defaultConfigurationName = Release;
		};
/* End XCConfigurationList section */
	};
	rootObject = F828714F27A775F50099E892 /* Project object */;
}
